
Microsoft Visual Studio Solution File, Format Version 12.00
# Visual Studio Version 17
VisualStudioVersion = 17.7.34031.279
MinimumVisualStudioVersion = 10.0.40219.1
Project("{9A19103F-16F7-4668-BE54-9A1E7A4F7556}") = "WebApp na may About me", "WebApp na may About me\WebApp na may About me.csproj", "{39DAA2B7-C6C2-4E77-A963-84BD7E77F4B4}"
EndProject
Global
	GlobalSection(SolutionConfigurationPlatforms) = preSolution
		Debug|Any CPU = Debug|Any CPU
		Release|Any CPU = Release|Any CPU
	EndGlobalSection
	GlobalSection(ProjectConfigurationPlatforms) = postSolution
		{39DAA2B7-C6C2-4E77-A963-84BD7E77F4B4}.Debug|Any CPU.ActiveCfg = Debug|Any CPU
		{39DAA2B7-C6C2-4E77-A963-84BD7E77F4B4}.Debug|Any CPU.Build.0 = Debug|Any CPU
		{39DAA2B7-C6C2-4E77-A963-84BD7E77F4B4}.Release|Any CPU.ActiveCfg = Release|Any CPU
		{39DAA2B7-C6C2-4E77-A963-84BD7E77F4B4}.Release|Any CPU.Build.0 = Release|Any CPU
	EndGlobalSection
	GlobalSection(SolutionProperties) = preSolution
		HideSolutionNode = FALSE
	EndGlobalSection
	GlobalSection(ExtensibilityGlobals) = postSolution
		SolutionGuid = {2DD5B5B4-B93D-4162-8CC5-11E9882F0285}
	EndGlobalSection
EndGlobal
